
Microsoft Visual Studio Solution File, Format Version 12.00
# Visual Studio Version 17
VisualStudioVersion = 17.9.34728.123
MinimumVisualStudioVersion = 10.0.40219.1
Project("{9A19103F-16F7-4668-BE54-9A1E7A4F7556}") = "View", "Persist2\View.csproj", "{81FD7903-0929-4CD5-B0BE-65B60EB9444A}"
EndProject
Project("{FAE04EC0-301F-11D3-BF4B-00C04F79EFBC}") = "Controller", "Controller\Controller.csproj", "{338E8509-8E06-4A44-A716-47C13C65BAFA}"
EndProject
Project("{FAE04EC0-301F-11D3-BF4B-00C04F79EFBC}") = "Service", "Service\Service.csproj", "{11A18EFB-22F1-4BF7-BCCC-D92CF5BCD877}"
EndProject
Project("{FAE04EC0-301F-11D3-BF4B-00C04F79EFBC}") = "DataAccessSql", "Database\DataAccessSql.csproj", "{8D1557E1-99B5-480C-9D23-0261A559CC16}"
EndProject
Project("{FAE04EC0-301F-11D3-BF4B-00C04F79EFBC}") = "DataAccessMongo", "DataAccessMongo\DataAccessMongo.csproj", "{1A4913BD-F109-498A-9E47-3028E1351D6E}"
EndProject
Global
	GlobalSection(SolutionConfigurationPlatforms) = preSolution
		Debug|Any CPU = Debug|Any CPU
		Release|Any CPU = Release|Any CPU
	EndGlobalSection
	GlobalSection(ProjectConfigurationPlatforms) = postSolution
		{81FD7903-0929-4CD5-B0BE-65B60EB9444A}.Debug|Any CPU.ActiveCfg = Debug|Any CPU
		{81FD7903-0929-4CD5-B0BE-65B60EB9444A}.Debug|Any CPU.Build.0 = Debug|Any CPU
		{81FD7903-0929-4CD5-B0BE-65B60EB9444A}.Release|Any CPU.ActiveCfg = Release|Any CPU
		{81FD7903-0929-4CD5-B0BE-65B60EB9444A}.Release|Any CPU.Build.0 = Release|Any CPU
		{338E8509-8E06-4A44-A716-47C13C65BAFA}.Debug|Any CPU.ActiveCfg = Debug|Any CPU
		{338E8509-8E06-4A44-A716-47C13C65BAFA}.Debug|Any CPU.Build.0 = Debug|Any CPU
		{338E8509-8E06-4A44-A716-47C13C65BAFA}.Release|Any CPU.ActiveCfg = Release|Any CPU
		{338E8509-8E06-4A44-A716-47C13C65BAFA}.Release|Any CPU.Build.0 = Release|Any CPU
		{11A18EFB-22F1-4BF7-BCCC-D92CF5BCD877}.Debug|Any CPU.ActiveCfg = Debug|Any CPU
		{11A18EFB-22F1-4BF7-BCCC-D92CF5BCD877}.Debug|Any CPU.Build.0 = Debug|Any CPU
		{11A18EFB-22F1-4BF7-BCCC-D92CF5BCD877}.Release|Any CPU.ActiveCfg = Release|Any CPU
		{11A18EFB-22F1-4BF7-BCCC-D92CF5BCD877}.Release|Any CPU.Build.0 = Release|Any CPU
		{8D1557E1-99B5-480C-9D23-0261A559CC16}.Debug|Any CPU.ActiveCfg = Debug|Any CPU
		{8D1557E1-99B5-480C-9D23-0261A559CC16}.Debug|Any CPU.Build.0 = Debug|Any CPU
		{8D1557E1-99B5-480C-9D23-0261A559CC16}.Release|Any CPU.ActiveCfg = Release|Any CPU
		{8D1557E1-99B5-480C-9D23-0261A559CC16}.Release|Any CPU.Build.0 = Release|Any CPU
		{1A4913BD-F109-498A-9E47-3028E1351D6E}.Debug|Any CPU.ActiveCfg = Debug|Any CPU
		{1A4913BD-F109-498A-9E47-3028E1351D6E}.Debug|Any CPU.Build.0 = Debug|Any CPU
		{1A4913BD-F109-498A-9E47-3028E1351D6E}.Release|Any CPU.ActiveCfg = Release|Any CPU
		{1A4913BD-F109-498A-9E47-3028E1351D6E}.Release|Any CPU.Build.0 = Release|Any CPU
	EndGlobalSection
	GlobalSection(SolutionProperties) = preSolution
		HideSolutionNode = FALSE
	EndGlobalSection
	GlobalSection(ExtensibilityGlobals) = postSolution
		SolutionGuid = {73F4BB59-EA47-48D4-A8A8-AA821D851C27}
	EndGlobalSection
EndGlobal
